// !$*UTF8*$!
{
	archiveVersion = 1;
	classes = {
	};
	objectVersion = 50;
	objects = {

/* Begin PBXBuildFile section */
		3CA3CA33243258DB0011835B /* MyFirstDemoLib.framework in Frameworks */ = {isa = PBXBuildFile; fileRef = 3CA3CA29243258DB0011835B /* MyFirstDemoLib.framework */; };
		3CA3CA38243258DB0011835B /* MyFirstDemoLibTests.swift in Sources */ = {isa = PBXBuildFile; fileRef = 3CA3CA37243258DB0011835B /* MyFirstDemoLibTests.swift */; };
		3CA3CA3A243258DB0011835B /* MyFirstDemoLib.h in Headers */ = {isa = PBXBuildFile; fileRef = 3CA3CA2C243258DB0011835B /* MyFirstDemoLib.h */; settings = {ATTRIBUTES = (Public, ); }; };
		3CA3CA44243258F90011835B /* SwiftyLib.swift in Sources */ = {isa = PBXBuildFile; fileRef = 3CA3CA43243258F90011835B /* SwiftyLib.swift */; };
/* End PBXBuildFile section */

/* Begin PBXContainerItemProxy section */
		3CA3CA34243258DB0011835B /* PBXContainerItemProxy */ = {
			isa = PBXContainerItemProxy;
			containerPortal = 3CA3CA20243258DB0011835B /* Project object */;
			proxyType = 1;
			remoteGlobalIDString = 3CA3CA28243258DB0011835B;
			remoteInfo = MyFirstDemoLib;
		};
/* End PBXContainerItemProxy section */

/* Begin PBXFileReference section */
		3CA3CA29243258DB0011835B /* MyFirstDemoLib.framework */ = {isa = PBXFileReference; explicitFileType = wrapper.framework; includeInIndex = 0; path = MyFirstDemoLib.framework; sourceTree = BUILT_PRODUCTS_DIR; };
		3CA3CA2C243258DB0011835B /* MyFirstDemoLib.h */ = {isa = PBXFileReference; lastKnownFileType = sourcecode.c.h; path = MyFirstDemoLib.h; sourceTree = "<group>"; };
		3CA3CA2D243258DB0011835B /* Info.plist */ = {isa = PBXFileReference; lastKnownFileType = text.plist.xml; path = Info.plist; sourceTree = "<group>"; };
		3CA3CA32243258DB0011835B /* MyFirstDemoLibTests.xctest */ = {isa = PBXFileReference; explicitFileType = wrapper.cfbundle; includeInIndex = 0; path = MyFirstDemoLibTests.xctest; sourceTree = BUILT_PRODUCTS_DIR; };
		3CA3CA37243258DB0011835B /* MyFirstDemoLibTests.swift */ = {isa = PBXFileReference; lastKnownFileType = sourcecode.swift; path = MyFirstDemoLibTests.swift; sourceTree = "<group>"; };
		3CA3CA39243258DB0011835B /* Info.plist */ = {isa = PBXFileReference; lastKnownFileType = text.plist.xml; path = Info.plist; sourceTree = "<group>"; };
		3CA3CA43243258F90011835B /* SwiftyLib.swift */ = {isa = PBXFileReference; fileEncoding = 4; lastKnownFileType = sourcecode.swift; path = SwiftyLib.swift; sourceTree = "<group>"; };
/* End PBXFileReference section */

/* Begin PBXFrameworksBuildPhase section */
		3CA3CA26243258DB0011835B /* Frameworks */ = {
			isa = PBXFrameworksBuildPhase;
			buildActionMask = 2147483647;
			files = (
			);
			runOnlyForDeploymentPostprocessing = 0;
		};
		3CA3CA2F243258DB0011835B /* Frameworks */ = {
			isa = PBXFrameworksBuildPhase;
			buildActionMask = 2147483647;
			files = (
				3CA3CA33243258DB0011835B /* MyFirstDemoLib.framework in Frameworks */,
			);
			runOnlyForDeploymentPostprocessing = 0;
		};
/* End PBXFrameworksBuildPhase section */

/* Begin PBXGroup section */
		3CA3CA1F243258DB0011835B = {
			isa = PBXGroup;
			children = (
				3CA3CA2B243258DB0011835B /* MyFirstDemoLib */,
				3CA3CA36243258DB0011835B /* MyFirstDemoLibTests */,
				3CA3CA2A243258DB0011835B /* Products */,
			);
			sourceTree = "<group>";
		};
		3CA3CA2A243258DB0011835B /* Products */ = {
			isa = PBXGroup;
			children = (
				3CA3CA29243258DB0011835B /* MyFirstDemoLib.framework */,
				3CA3CA32243258DB0011835B /* MyFirstDemoLibTests.xctest */,
			);
			name = Products;
			sourceTree = "<group>";
		};
		3CA3CA2B243258DB0011835B /* MyFirstDemoLib */ = {
			isa = PBXGroup;
			children = (
				3CA3CA2C243258DB0011835B /* MyFirstDemoLib.h */,
				3CA3CA43243258F90011835B /* SwiftyLib.swift */,
				3CA3CA2D243258DB0011835B /* Info.plist */,
			);
			path = MyFirstDemoLib;
			sourceTree = "<group>";
		};
		3CA3CA36243258DB0011835B /* MyFirstDemoLibTests */ = {
			isa = PBXGroup;
			children = (
				3CA3CA37243258DB0011835B /* MyFirstDemoLibTests.swift */,
				3CA3CA39243258DB0011835B /* Info.plist */,
			);
			path = MyFirstDemoLibTests;
			sourceTree = "<group>";
		};
/* End PBXGroup section */

/* Begin PBXHeadersBuildPhase section */
		3CA3CA24243258DB0011835B /* Headers */ = {
			isa = PBXHeadersBuildPhase;
			buildActionMask = 2147483647;
			files = (
				3CA3CA3A243258DB0011835B /* MyFirstDemoLib.h in Headers */,
			);
			runOnlyForDeploymentPostprocessing = 0;
		};
/* End PBXHeadersBuildPhase section */

/* Begin PBXNativeTarget section */
		3CA3CA28243258DB0011835B /* MyFirstDemoLib */ = {
			isa = PBXNativeTarget;
			buildConfigurationList = 3CA3CA3D243258DC0011835B /* Build configuration list for PBXNativeTarget "MyFirstDemoLib" */;
			buildPhases = (
				3CA3CA24243258DB0011835B /* Headers */,
				3CA3CA25243258DB0011835B /* Sources */,
				3CA3CA26243258DB0011835B /* Frameworks */,
				3CA3CA27243258DB0011835B /* Resources */,
			);
			buildRules = (
			);
			dependencies = (
			);
			name = MyFirstDemoLib;
			productName = MyFirstDemoLib;
			productReference = 3CA3CA29243258DB0011835B /* MyFirstDemoLib.framework */;
			productType = "com.apple.product-type.framework";
		};
		3CA3CA31243258DB0011835B /* MyFirstDemoLibTests */ = {
			isa = PBXNativeTarget;
			buildConfigurationList = 3CA3CA40243258DC0011835B /* Build configuration list for PBXNativeTarget "MyFirstDemoLibTests" */;
			buildPhases = (
				3CA3CA2E243258DB0011835B /* Sources */,
				3CA3CA2F243258DB0011835B /* Frameworks */,
				3CA3CA30243258DB0011835B /* Resources */,
			);
			buildRules = (
			);
			dependencies = (
				3CA3CA35243258DB0011835B /* PBXTargetDependency */,
			);
			name = MyFirstDemoLibTests;
			productName = MyFirstDemoLibTests;
			productReference = 3CA3CA32243258DB0011835B /* MyFirstDemoLibTests.xctest */;
			productType = "com.apple.product-type.bundle.unit-test";
		};
/* End PBXNativeTarget section */

/* Begin PBXProject section */
		3CA3CA20243258DB0011835B /* Project object */ = {
			isa = PBXProject;
			attributes = {
				LastSwiftUpdateCheck = 1030;
				LastUpgradeCheck = 1030;
				ORGANIZATIONNAME = "Dinesh Kumar";
				TargetAttributes = {
					3CA3CA28243258DB0011835B = {
						CreatedOnToolsVersion = 10.3;
						LastSwiftMigration = 1030;
					};
					3CA3CA31243258DB0011835B = {
						CreatedOnToolsVersion = 10.3;
					};
				};
			};
			buildConfigurationList = 3CA3CA23243258DB0011835B /* Build configuration list for PBXProject "MyFirstDemoLib" */;
			compatibilityVersion = "Xcode 9.3";
			developmentRegion = en;
			hasScannedForEncodings = 0;
			knownRegions = (
				en,
			);
			mainGroup = 3CA3CA1F243258DB0011835B;
			productRefGroup = 3CA3CA2A243258DB0011835B /* Products */;
			projectDirPath = "";
			projectRoot = "";
			targets = (
				3CA3CA28243258DB0011835B /* MyFirstDemoLib */,
				3CA3CA31243258DB0011835B /* MyFirstDemoLibTests */,
			);
		};
/* End PBXProject section */

/* Begin PBXResourcesBuildPhase section */
		3CA3CA27243258DB0011835B /* Resources */ = {
			isa = PBXResourcesBuildPhase;
			buildActionMask = 2147483647;
			files = (
			);
			runOnlyForDeploymentPostprocessing = 0;
		};
		3CA3CA30243258DB0011835B /* Resources */ = {
			isa = PBXResourcesBuildPhase;
			buildActionMask = 2147483647;
			files = (
			);
			runOnlyForDeploymentPostprocessing = 0;
		};
/* End PBXResourcesBuildPhase section */

/* Begin PBXSourcesBuildPhase section */
		3CA3CA25243258DB0011835B /* Sources */ = {
			isa = PBXSourcesBuildPhase;
			buildActionMask = 2147483647;
			files = (
				3CA3CA44243258F90011835B /* SwiftyLib.swift in Sources */,
			);
			runOnlyForDeploymentPostprocessing = 0;
		};
		3CA3CA2E243258DB0011835B /* Sources */ = {
			isa = PBXSourcesBuildPhase;
			buildActionMask = 2147483647;
			files = (
				3CA3CA38243258DB0011835B /* MyFirstDemoLibTests.swift in Sources */,
			);
			runOnlyForDeploymentPostprocessing = 0;
		};
/* End PBXSourcesBuildPhase section */

/* Begin PBXTargetDependency section */
		3CA3CA35243258DB0011835B /* PBXTargetDependency */ = {
			isa = PBXTargetDependency;
			target = 3CA3CA28243258DB0011835B /* MyFirstDemoLib */;
			targetProxy = 3CA3CA34243258DB0011835B /* PBXContainerItemProxy */;
		};
/* End PBXTargetDependency section */

/* Begin XCBuildConfiguration section */
		3CA3CA3B243258DC0011835B /* Debug */ = {
			isa = XCBuildConfiguration;
			buildSettings = {
				ALWAYS_SEARCH_USER_PATHS = NO;
				CLANG_ANALYZER_NONNULL = YES;
				CLANG_ANALYZER_NUMBER_OBJECT_CONVERSION = YES_AGGRESSIVE;
				CLANG_CXX_LANGUAGE_STANDARD = "gnu++14";
				CLANG_CXX_LIBRARY = "libc++";
				CLANG_ENABLE_MODULES = YES;
				CLANG_ENABLE_OBJC_ARC = YES;
				CLANG_ENABLE_OBJC_WEAK = YES;
				CLANG_WARN_BLOCK_CAPTURE_AUTORELEASING = YES;
				CLANG_WARN_BOOL_CONVERSION = YES;
				CLANG_WARN_COMMA = YES;
				CLANG_WARN_CONSTANT_CONVERSION = YES;
				CLANG_WARN_DEPRECATED_OBJC_IMPLEMENTATIONS = YES;
				CLANG_WARN_DIRECT_OBJC_ISA_USAGE = YES_ERROR;
				CLANG_WARN_DOCUMENTATION_COMMENTS = YES;
				CLANG_WARN_EMPTY_BODY = YES;
				CLANG_WARN_ENUM_CONVERSION = YES;
				CLANG_WARN_INFINITE_RECURSION = YES;
				CLANG_WARN_INT_CONVERSION = YES;
				CLANG_WARN_NON_LITERAL_NULL_CONVERSION = YES;
				CLANG_WARN_OBJC_IMPLICIT_RETAIN_SELF = YES;
				CLANG_WARN_OBJC_LITERAL_CONVERSION = YES;
				CLANG_WARN_OBJC_ROOT_CLASS = YES_ERROR;
				CLANG_WARN_RANGE_LOOP_ANALYSIS = YES;
				CLANG_WARN_STRICT_PROTOTYPES = YES;
				CLANG_WARN_SUSPICIOUS_MOVE = YES;
				CLANG_WARN_UNGUARDED_AVAILABILITY = YES_AGGRESSIVE;
				CLANG_WARN_UNREACHABLE_CODE = YES;
				CLANG_WARN__DUPLICATE_METHOD_MATCH = YES;
				CODE_SIGN_IDENTITY = "iPhone Developer";
				COPY_PHASE_STRIP = NO;
				CURRENT_PROJECT_VERSION = 1;
				DEBUG_INFORMATION_FORMAT = dwarf;
				ENABLE_STRICT_OBJC_MSGSEND = YES;
				ENABLE_TESTABILITY = YES;
				GCC_C_LANGUAGE_STANDARD = gnu11;
				GCC_DYNAMIC_NO_PIC = NO;
				GCC_NO_COMMON_BLOCKS = YES;
				GCC_OPTIMIZATION_LEVEL = 0;
				GCC_PREPROCESSOR_DEFINITIONS = (
					"DEBUG=1",
					"$(inherited)",
				);
				GCC_WARN_64_TO_32_BIT_CONVERSION = YES;
				GCC_WARN_ABOUT_RETURN_TYPE = YES_ERROR;
				GCC_WARN_UNDECLARED_SELECTOR = YES;
				GCC_WARN_UNINITIALIZED_AUTOS = YES_AGGRESSIVE;
				GCC_WARN_UNUSED_FUNCTION = YES;
				GCC_WARN_UNUSED_VARIABLE = YES;
				IPHONEOS_DEPLOYMENT_TARGET = 12.4;
				MTL_ENABLE_DEBUG_INFO = INCLUDE_SOURCE;
				MTL_FAST_MATH = YES;
				ONLY_ACTIVE_ARCH = YES;
				SDKROOT = iphoneos;
				SWIFT_ACTIVE_COMPILATION_CONDITIONS = DEBUG;
				SWIFT_OPTIMIZATION_LEVEL = "-Onone";
				VERSIONING_SYSTEM = "apple-generic";
				VERSION_INFO_PREFIX = "";
			};
			name = Debug;
		};
		3CA3CA3C243258DC0011835B /* Release */ = {
			isa = XCBuildConfiguration;
			buildSettings = {
				ALWAYS_SEARCH_USER_PATHS = NO;
				CLANG_ANALYZER_NONNULL = YES;
				CLANG_ANALYZER_NUMBER_OBJECT_CONVERSION = YES_AGGRESSIVE;
				CLANG_CXX_LANGUAGE_STANDARD = "gnu++14";
				CLANG_CXX_LIBRARY = "libc++";
				CLANG_ENABLE_MODULES = YES;
				CLANG_ENABLE_OBJC_ARC = YES;
				CLANG_ENABLE_OBJC_WEAK = YES;
				CLANG_WARN_BLOCK_CAPTURE_AUTORELEASING = YES;
				CLANG_WARN_BOOL_CONVERSION = YES;
				CLANG_WARN_COMMA = YES;
				CLANG_WARN_CONSTANT_CONVERSION = YES;
				CLANG_WARN_DEPRECATED_OBJC_IMPLEMENTATIONS = YES;
				CLANG_WARN_DIRECT_OBJC_ISA_USAGE = YES_ERROR;
				CLANG_WARN_DOCUMENTATION_COMMENTS = YES;
				CLANG_WARN_EMPTY_BODY = YES;
				CLANG_WARN_ENUM_CONVERSION = YES;
				CLANG_WARN_INFINITE_RECURSION = YES;
				CLANG_WARN_INT_CONVERSION = YES;
				CLANG_WARN_NON_LITERAL_NULL_CONVERSION = YES;
				CLANG_WARN_OBJC_IMPLICIT_RETAIN_SELF = YES;
				CLANG_WARN_OBJC_LITERAL_CONVERSION = YES;
				CLANG_WARN_OBJC_ROOT_CLASS = YES_ERROR;
				CLANG_WARN_RANGE_LOOP_ANALYSIS = YES;
				CLANG_WARN_STRICT_PROTOTYPES = YES;
				CLANG_WARN_SUSPICIOUS_MOVE = YES;
				CLANG_WARN_UNGUARDED_AVAILABILITY = YES_AGGRESSIVE;
				CLANG_WARN_UNREACHABLE_CODE = YES;
				CLANG_WARN__DUPLICATE_METHOD_MATCH = YES;
				CODE_SIGN_IDENTITY = "iPhone Developer";
				COPY_PHASE_STRIP = NO;
				CURRENT_PROJECT_VERSION = 1;
				DEBUG_INFORMATION_FORMAT = "dwarf-with-dsym";
				ENABLE_NS_ASSERTIONS = NO;
				ENABLE_STRICT_OBJC_MSGSEND = YES;
				GCC_C_LANGUAGE_STANDARD = gnu11;
				GCC_NO_COMMON_BLOCKS = YES;
				GCC_WARN_64_TO_32_BIT_CONVERSION = YES;
				GCC_WARN_ABOUT_RETURN_TYPE = YES_ERROR;
				GCC_WARN_UNDECLARED_SELECTOR = YES;
				GCC_WARN_UNINITIALIZED_AUTOS = YES_AGGRESSIVE;
				GCC_WARN_UNUSED_FUNCTION = YES;
				GCC_WARN_UNUSED_VARIABLE = YES;
				IPHONEOS_DEPLOYMENT_TARGET = 12.4;
				MTL_ENABLE_DEBUG_INFO = NO;
				MTL_FAST_MATH = YES;
				SDKROOT = iphoneos;
				SWIFT_COMPILATION_MODE = wholemodule;
				SWIFT_OPTIMIZATION_LEVEL = "-O";
				VALIDATE_PRODUCT = YES;
				VERSIONING_SYSTEM = "apple-generic";
				VERSION_INFO_PREFIX = "";
			};
			name = Release;
		};
		3CA3CA3E243258DC0011835B /* Debug */ = {
			isa = XCBuildConfiguration;
			buildSettings = {
				CLANG_ENABLE_MODULES = YES;
				CODE_SIGN_IDENTITY = "";
				CODE_SIGN_STYLE = Automatic;
				DEFINES_MODULE = YES;
				DYLIB_COMPATIBILITY_VERSION = 1;
				DYLIB_CURRENT_VERSION = 1;
				DYLIB_INSTALL_NAME_BASE = "@rpath";
				INFOPLIST_FILE = MyFirstDemoLib/Info.plist;
				INSTALL_PATH = "$(LOCAL_LIBRARY_DIR)/Frameworks";
				LD_RUNPATH_SEARCH_PATHS = (
					"$(inherited)",
					"@executable_path/Frameworks",
					"@loader_path/Frameworks",
				);
				PRODUCT_BUNDLE_IDENTIFIER = com.Dinesh.MyFirstDemoLib;
				PRODUCT_NAME = "$(TARGET_NAME:c99extidentifier)";
				SKIP_INSTALL = YES;
				SWIFT_OPTIMIZATION_LEVEL = "-Onone";
				SWIFT_VERSION = 5.0;
				TARGETED_DEVICE_FAMILY = "1,2";
			};
			name = Debug;
		};
		3CA3CA3F243258DC0011835B /* Release */ = {
			isa = XCBuildConfiguration;
			buildSettings = {
				CLANG_ENABLE_MODULES = YES;
				CODE_SIGN_IDENTITY = "";
				CODE_SIGN_STYLE = Automatic;
				DEFINES_MODULE = YES;
				DYLIB_COMPATIBILITY_VERSION = 1;
				DYLIB_CURRENT_VERSION = 1;
				DYLIB_INSTALL_NAME_BASE = "@rpath";
				INFOPLIST_FILE = MyFirstDemoLib/Info.plist;
				INSTALL_PATH = "$(LOCAL_LIBRARY_DIR)/Frameworks";
				LD_RUNPATH_SEARCH_PATHS = (
					"$(inherited)",
					"@executable_path/Frameworks",
					"@loader_path/Frameworks",
				);
				PRODUCT_BUNDLE_IDENTIFIER = com.Dinesh.MyFirstDemoLib;
				PRODUCT_NAME = "$(TARGET_NAME:c99extidentifier)";
				SKIP_INSTALL = YES;
				SWIFT_VERSION = 5.0;
				TARGETED_DEVICE_FAMILY = "1,2";
			};
			name = Release;
		};
		3CA3CA41243258DC0011835B /* Debug */ = {
			isa = XCBuildConfiguration;
			buildSettings = {
				ALWAYS_EMBED_SWIFT_STANDARD_LIBRARIES = YES;
				CODE_SIGN_STYLE = Automatic;
				INFOPLIST_FILE = MyFirstDemoLibTests/Info.plist;
				LD_RUNPATH_SEARCH_PATHS = (
					"$(inherited)",
					"@executable_path/Frameworks",
					"@loader_path/Frameworks",
				);
				PRODUCT_BUNDLE_IDENTIFIER = com.Dinesh.MyFirstDemoLibTests;
				PRODUCT_NAME = "$(TARGET_NAME)";
				SWIFT_VERSION = 5.0;
				TARGETED_DEVICE_FAMILY = "1,2";
			};
			name = Debug;
		};
		3CA3CA42243258DC0011835B /* Release */ = {
			isa = XCBuildConfiguration;
			buildSettings = {
				ALWAYS_EMBED_SWIFT_STANDARD_LIBRARIES = YES;
				CODE_SIGN_STYLE = Automatic;
				INFOPLIST_FILE = MyFirstDemoLibTests/Info.plist;
				LD_RUNPATH_SEARCH_PATHS = (
					"$(inherited)",
					"@executable_path/Frameworks",
					"@loader_path/Frameworks",
				);
				PRODUCT_BUNDLE_IDENTIFIER = com.Dinesh.MyFirstDemoLibTests;
				PRODUCT_NAME = "$(TARGET_NAME)";
				SWIFT_VERSION = 5.0;
				TARGETED_DEVICE_FAMILY = "1,2";
			};
			name = Release;
		};
/* End XCBuildConfiguration section */

/* Begin XCConfigurationList section */
		3CA3CA23243258DB0011835B /* Build configuration list for PBXProject "MyFirstDemoLib" */ = {
			isa = XCConfigurationList;
			buildConfigurations = (
				3CA3CA3B243258DC0011835B /* Debug */,
				3CA3CA3C243258DC0011835B /* Release */,
			);
			defaultConfigurationIsVisible = 0;
			defaultConfigurationName = Release;
		};
		3CA3CA3D243258DC0011835B /* Build configuration list for PBXNativeTarget "MyFirstDemoLib" */ = {
			isa = XCConfigurationList;
			buildConfigurations = (
				3CA3CA3E243258DC0011835B /* Debug */,
				3CA3CA3F243258DC0011835B /* Release */,
			);
			defaultConfigurationIsVisible = 0;
			defaultConfigurationName = Release;
		};
		3CA3CA40243258DC0011835B /* Build configuration list for PBXNativeTarget "MyFirstDemoLibTests" */ = {
			isa = XCConfigurationList;
			buildConfigurations = (
				3CA3CA41243258DC0011835B /* Debug */,
				3CA3CA42243258DC0011835B /* Release */,
			);
			defaultConfigurationIsVisible = 0;
			defaultConfigurationName = Release;
		};
/* End XCConfigurationList section */
	};
	rootObject = 3CA3CA20243258DB0011835B /* Project object */;
}
